// !$*UTF8*$!
{
	archiveVersion = 1;
	classes = {
	};
	objectVersion = 50;
	objects = {

/* Begin PBXBuildFile section */
		00580F3B2703333D007F5080 /* AppDelegate.swift in Sources */ = {isa = PBXBuildFile; fileRef = 00580F3A2703333D007F5080 /* AppDelegate.swift */; };
		00580F3D2703333D007F5080 /* SceneDelegate.swift in Sources */ = {isa = PBXBuildFile; fileRef = 00580F3C2703333D007F5080 /* SceneDelegate.swift */; };
		00580F3F2703333D007F5080 /* ViewController.swift in Sources */ = {isa = PBXBuildFile; fileRef = 00580F3E2703333D007F5080 /* ViewController.swift */; };
		00580F422703333D007F5080 /* Main.storyboard in Resources */ = {isa = PBXBuildFile; fileRef = 00580F402703333D007F5080 /* Main.storyboard */; };
		00580F4427033340007F5080 /* Assets.xcassets in Resources */ = {isa = PBXBuildFile; fileRef = 00580F4327033340007F5080 /* Assets.xcassets */; };
		00580F4727033340007F5080 /* LaunchScreen.storyboard in Resources */ = {isa = PBXBuildFile; fileRef = 00580F4527033340007F5080 /* LaunchScreen.storyboard */; };
		0075083B2723460B004FA4D2 /* C.wav in Resources */ = {isa = PBXBuildFile; fileRef = 007508342723460A004FA4D2 /* C.wav */; };
		0075083C2723460B004FA4D2 /* E.wav in Resources */ = {isa = PBXBuildFile; fileRef = 007508352723460A004FA4D2 /* E.wav */; };
		0075083D2723460B004FA4D2 /* G.wav in Resources */ = {isa = PBXBuildFile; fileRef = 007508362723460A004FA4D2 /* G.wav */; };
		0075083E2723460B004FA4D2 /* D.wav in Resources */ = {isa = PBXBuildFile; fileRef = 007508372723460A004FA4D2 /* D.wav */; };
		0075083F2723460B004FA4D2 /* A.wav in Resources */ = {isa = PBXBuildFile; fileRef = 007508382723460A004FA4D2 /* A.wav */; };
		007508402723460B004FA4D2 /* B.wav in Resources */ = {isa = PBXBuildFile; fileRef = 007508392723460B004FA4D2 /* B.wav */; };
		007508412723460B004FA4D2 /* F.wav in Resources */ = {isa = PBXBuildFile; fileRef = 0075083A2723460B004FA4D2 /* F.wav */; };
/* End PBXBuildFile section */

/* Begin PBXFileReference section */
		00580F372703333D007F5080 /* KoshApp.app */ = {isa = PBXFileReference; explicitFileType = wrapper.application; includeInIndex = 0; path = KoshApp.app; sourceTree = BUILT_PRODUCTS_DIR; };
		00580F3A2703333D007F5080 /* AppDelegate.swift */ = {isa = PBXFileReference; lastKnownFileType = sourcecode.swift; path = AppDelegate.swift; sourceTree = "<group>"; };
		00580F3C2703333D007F5080 /* SceneDelegate.swift */ = {isa = PBXFileReference; lastKnownFileType = sourcecode.swift; path = SceneDelegate.swift; sourceTree = "<group>"; };
		00580F3E2703333D007F5080 /* ViewController.swift */ = {isa = PBXFileReference; lastKnownFileType = sourcecode.swift; path = ViewController.swift; sourceTree = "<group>"; };
		00580F412703333D007F5080 /* Base */ = {isa = PBXFileReference; lastKnownFileType = file.storyboard; name = Base; path = Base.lproj/Main.storyboard; sourceTree = "<group>"; };
		00580F4327033340007F5080 /* Assets.xcassets */ = {isa = PBXFileReference; lastKnownFileType = folder.assetcatalog; path = Assets.xcassets; sourceTree = "<group>"; };
		00580F4627033340007F5080 /* Base */ = {isa = PBXFileReference; lastKnownFileType = file.storyboard; name = Base; path = Base.lproj/LaunchScreen.storyboard; sourceTree = "<group>"; };
		00580F4827033340007F5080 /* Info.plist */ = {isa = PBXFileReference; lastKnownFileType = text.plist.xml; path = Info.plist; sourceTree = "<group>"; };
		007508342723460A004FA4D2 /* C.wav */ = {isa = PBXFileReference; lastKnownFileType = audio.wav; path = C.wav; sourceTree = "<group>"; };
		007508352723460A004FA4D2 /* E.wav */ = {isa = PBXFileReference; lastKnownFileType = audio.wav; path = E.wav; sourceTree = "<group>"; };
		007508362723460A004FA4D2 /* G.wav */ = {isa = PBXFileReference; lastKnownFileType = audio.wav; path = G.wav; sourceTree = "<group>"; };
		007508372723460A004FA4D2 /* D.wav */ = {isa = PBXFileReference; lastKnownFileType = audio.wav; path = D.wav; sourceTree = "<group>"; };
		007508382723460A004FA4D2 /* A.wav */ = {isa = PBXFileReference; lastKnownFileType = audio.wav; path = A.wav; sourceTree = "<group>"; };
		007508392723460B004FA4D2 /* B.wav */ = {isa = PBXFileReference; lastKnownFileType = audio.wav; path = B.wav; sourceTree = "<group>"; };
		0075083A2723460B004FA4D2 /* F.wav */ = {isa = PBXFileReference; lastKnownFileType = audio.wav; path = F.wav; sourceTree = "<group>"; };
/* End PBXFileReference section */

/* Begin PBXFrameworksBuildPhase section */
		00580F342703333D007F5080 /* Frameworks */ = {
			isa = PBXFrameworksBuildPhase;
			buildActionMask = 2147483647;
			files = (
			);
			runOnlyForDeploymentPostprocessing = 0;
		};
/* End PBXFrameworksBuildPhase section */

/* Begin PBXGroup section */
		00580F2E2703333C007F5080 = {
			isa = PBXGroup;
			children = (
				0075084227234722004FA4D2 /* Sounds */,
				00580F392703333D007F5080 /* KoshApp */,
				00580F382703333D007F5080 /* Products */,
			);
			sourceTree = "<group>";
		};
		00580F382703333D007F5080 /* Products */ = {
			isa = PBXGroup;
			children = (
				00580F372703333D007F5080 /* KoshApp.app */,
			);
			name = Products;
			sourceTree = "<group>";
		};
		00580F392703333D007F5080 /* KoshApp */ = {
			isa = PBXGroup;
			children = (
				00580F3A2703333D007F5080 /* AppDelegate.swift */,
				00580F3C2703333D007F5080 /* SceneDelegate.swift */,
				00580F3E2703333D007F5080 /* ViewController.swift */,
				00580F402703333D007F5080 /* Main.storyboard */,
				00580F4327033340007F5080 /* Assets.xcassets */,
				00580F4527033340007F5080 /* LaunchScreen.storyboard */,
				00580F4827033340007F5080 /* Info.plist */,
			);
			path = KoshApp;
			sourceTree = "<group>";
		};
		0075084227234722004FA4D2 /* Sounds */ = {
			isa = PBXGroup;
			children = (
				007508382723460A004FA4D2 /* A.wav */,
				007508392723460B004FA4D2 /* B.wav */,
				007508342723460A004FA4D2 /* C.wav */,
				007508372723460A004FA4D2 /* D.wav */,
				007508352723460A004FA4D2 /* E.wav */,
				0075083A2723460B004FA4D2 /* F.wav */,
				007508362723460A004FA4D2 /* G.wav */,
			);
			path = Sounds;
			sourceTree = "<group>";
		};
/* End PBXGroup section */

/* Begin PBXNativeTarget section */
		00580F362703333D007F5080 /* KoshApp */ = {
			isa = PBXNativeTarget;
			buildConfigurationList = 00580F4B27033340007F5080 /* Build configuration list for PBXNativeTarget "KoshApp" */;
			buildPhases = (
				00580F332703333D007F5080 /* Sources */,
				00580F342703333D007F5080 /* Frameworks */,
				00580F352703333D007F5080 /* Resources */,
			);
			buildRules = (
			);
			dependencies = (
			);
			name = KoshApp;
			productName = KoshApp;
			productReference = 00580F372703333D007F5080 /* KoshApp.app */;
			productType = "com.apple.product-type.application";
		};
/* End PBXNativeTarget section */

/* Begin PBXProject section */
		00580F2F2703333C007F5080 /* Project object */ = {
			isa = PBXProject;
			attributes = {
				LastSwiftUpdateCheck = 1250;
				LastUpgradeCheck = 1250;
				TargetAttributes = {
					00580F362703333D007F5080 = {
						CreatedOnToolsVersion = 12.5.1;
					};
				};
			};
			buildConfigurationList = 00580F322703333C007F5080 /* Build configuration list for PBXProject "KoshApp" */;
			compatibilityVersion = "Xcode 9.3";
			developmentRegion = en;
			hasScannedForEncodings = 0;
			knownRegions = (
				en,
				Base,
			);
			mainGroup = 00580F2E2703333C007F5080;
			productRefGroup = 00580F382703333D007F5080 /* Products */;
			projectDirPath = "";
			projectRoot = "";
			targets = (
				00580F362703333D007F5080 /* KoshApp */,
			);
		};
/* End PBXProject section */

/* Begin PBXResourcesBuildPhase section */
		00580F352703333D007F5080 /* Resources */ = {
			isa = PBXResourcesBuildPhase;
			buildActionMask = 2147483647;
			files = (
				00580F4727033340007F5080 /* LaunchScreen.storyboard in Resources */,
				0075083D2723460B004FA4D2 /* G.wav in Resources */,
				007508412723460B004FA4D2 /* F.wav in Resources */,
				0075083B2723460B004FA4D2 /* C.wav in Resources */,
				007508402723460B004FA4D2 /* B.wav in Resources */,
				0075083F2723460B004FA4D2 /* A.wav in Resources */,
				0075083E2723460B004FA4D2 /* D.wav in Resources */,
				0075083C2723460B004FA4D2 /* E.wav in Resources */,
				00580F4427033340007F5080 /* Assets.xcassets in Resources */,
				00580F422703333D007F5080 /* Main.storyboard in Resources */,
			);
			runOnlyForDeploymentPostprocessing = 0;
		};
/* End PBXResourcesBuildPhase section */

/* Begin PBXSourcesBuildPhase section */
		00580F332703333D007F5080 /* Sources */ = {
			isa = PBXSourcesBuildPhase;
			buildActionMask = 2147483647;
			files = (
				00580F3F2703333D007F5080 /* ViewController.swift in Sources */,
				00580F3B2703333D007F5080 /* AppDelegate.swift in Sources */,
				00580F3D2703333D007F5080 /* SceneDelegate.swift in Sources */,
			);
			runOnlyForDeploymentPostprocessing = 0;
		};
/* End PBXSourcesBuildPhase section */

/* Begin PBXVariantGroup section */
		00580F402703333D007F5080 /* Main.storyboard */ = {
			isa = PBXVariantGroup;
			children = (
				00580F412703333D007F5080 /* Base */,
			);
			name = Main.storyboard;
			sourceTree = "<group>";
		};
		00580F4527033340007F5080 /* LaunchScreen.storyboard */ = {
			isa = PBXVariantGroup;
			children = (
				00580F4627033340007F5080 /* Base */,
			);
			name = LaunchScreen.storyboard;
			sourceTree = "<group>";
		};
/* End PBXVariantGroup section */

/* Begin XCBuildConfiguration section */
		00580F4927033340007F5080 /* Debug */ = {
			isa = XCBuildConfiguration;
			buildSettings = {
				ALWAYS_SEARCH_USER_PATHS = NO;
				CLANG_ANALYZER_NONNULL = YES;
				CLANG_ANALYZER_NUMBER_OBJECT_CONVERSION = YES_AGGRESSIVE;
				CLANG_CXX_LANGUAGE_STANDARD = "gnu++14";
				CLANG_CXX_LIBRARY = "libc++";
				CLANG_ENABLE_MODULES = YES;
				CLANG_ENABLE_OBJC_ARC = YES;
				CLANG_ENABLE_OBJC_WEAK = YES;
				CLANG_WARN_BLOCK_CAPTURE_AUTORELEASING = YES;
				CLANG_WARN_BOOL_CONVERSION = YES;
				CLANG_WARN_COMMA = YES;
				CLANG_WARN_CONSTANT_CONVERSION = YES;
				CLANG_WARN_DEPRECATED_OBJC_IMPLEMENTATIONS = YES;
				CLANG_WARN_DIRECT_OBJC_ISA_USAGE = YES_ERROR;
				CLANG_WARN_DOCUMENTATION_COMMENTS = YES;
				CLANG_WARN_EMPTY_BODY = YES;
				CLANG_WARN_ENUM_CONVERSION = YES;
				CLANG_WARN_INFINITE_RECURSION = YES;
				CLANG_WARN_INT_CONVERSION = YES;
				CLANG_WARN_NON_LITERAL_NULL_CONVERSION = YES;
				CLANG_WARN_OBJC_IMPLICIT_RETAIN_SELF = YES;
				CLANG_WARN_OBJC_LITERAL_CONVERSION = YES;
				CLANG_WARN_OBJC_ROOT_CLASS = YES_ERROR;
				CLANG_WARN_QUOTED_INCLUDE_IN_FRAMEWORK_HEADER = YES;
				CLANG_WARN_RANGE_LOOP_ANALYSIS = YES;
				CLANG_WARN_STRICT_PROTOTYPES = YES;
				CLANG_WARN_SUSPICIOUS_MOVE = YES;
				CLANG_WARN_UNGUARDED_AVAILABILITY = YES_AGGRESSIVE;
				CLANG_WARN_UNREACHABLE_CODE = YES;
				CLANG_WARN__DUPLICATE_METHOD_MATCH = YES;
				COPY_PHASE_STRIP = NO;
				DEBUG_INFORMATION_FORMAT = dwarf;
				ENABLE_STRICT_OBJC_MSGSEND = YES;
				ENABLE_TESTABILITY = YES;
				GCC_C_LANGUAGE_STANDARD = gnu11;
				GCC_DYNAMIC_NO_PIC = NO;
				GCC_NO_COMMON_BLOCKS = YES;
				GCC_OPTIMIZATION_LEVEL = 0;
				GCC_PREPROCESSOR_DEFINITIONS = (
					"DEBUG=1",
					"$(inherited)",
				);
				GCC_WARN_64_TO_32_BIT_CONVERSION = YES;
				GCC_WARN_ABOUT_RETURN_TYPE = YES_ERROR;
				GCC_WARN_UNDECLARED_SELECTOR = YES;
				GCC_WARN_UNINITIALIZED_AUTOS = YES_AGGRESSIVE;
				GCC_WARN_UNUSED_FUNCTION = YES;
				GCC_WARN_UNUSED_VARIABLE = YES;
				IPHONEOS_DEPLOYMENT_TARGET = 14.5;
				MTL_ENABLE_DEBUG_INFO = INCLUDE_SOURCE;
				MTL_FAST_MATH = YES;
				ONLY_ACTIVE_ARCH = YES;
				SDKROOT = iphoneos;
				SWIFT_ACTIVE_COMPILATION_CONDITIONS = DEBUG;
				SWIFT_OPTIMIZATION_LEVEL = "-Onone";
			};
			name = Debug;
		};
		00580F4A27033340007F5080 /* Release */ = {
			isa = XCBuildConfiguration;
			buildSettings = {
				ALWAYS_SEARCH_USER_PATHS = NO;
				CLANG_ANALYZER_NONNULL = YES;
				CLANG_ANALYZER_NUMBER_OBJECT_CONVERSION = YES_AGGRESSIVE;
				CLANG_CXX_LANGUAGE_STANDARD = "gnu++14";
				CLANG_CXX_LIBRARY = "libc++";
				CLANG_ENABLE_MODULES = YES;
				CLANG_ENABLE_OBJC_ARC = YES;
				CLANG_ENABLE_OBJC_WEAK = YES;
				CLANG_WARN_BLOCK_CAPTURE_AUTORELEASING = YES;
				CLANG_WARN_BOOL_CONVERSION = YES;
				CLANG_WARN_COMMA = YES;
				CLANG_WARN_CONSTANT_CONVERSION = YES;
				CLANG_WARN_DEPRECATED_OBJC_IMPLEMENTATIONS = YES;
				CLANG_WARN_DIRECT_OBJC_ISA_USAGE = YES_ERROR;
				CLANG_WARN_DOCUMENTATION_COMMENTS = YES;
				CLANG_WARN_EMPTY_BODY = YES;
				CLANG_WARN_ENUM_CONVERSION = YES;
				CLANG_WARN_INFINITE_RECURSION = YES;
				CLANG_WARN_INT_CONVERSION = YES;
				CLANG_WARN_NON_LITERAL_NULL_CONVERSION = YES;
				CLANG_WARN_OBJC_IMPLICIT_RETAIN_SELF = YES;
				CLANG_WARN_OBJC_LITERAL_CONVERSION = YES;
				CLANG_WARN_OBJC_ROOT_CLASS = YES_ERROR;
				CLANG_WARN_QUOTED_INCLUDE_IN_FRAMEWORK_HEADER = YES;
				CLANG_WARN_RANGE_LOOP_ANALYSIS = YES;
				CLANG_WARN_STRICT_PROTOTYPES = YES;
				CLANG_WARN_SUSPICIOUS_MOVE = YES;
				CLANG_WARN_UNGUARDED_AVAILABILITY = YES_AGGRESSIVE;
				CLANG_WARN_UNREACHABLE_CODE = YES;
				CLANG_WARN__DUPLICATE_METHOD_MATCH = YES;
				COPY_PHASE_STRIP = NO;
				DEBUG_INFORMATION_FORMAT = "dwarf-with-dsym";
				ENABLE_NS_ASSERTIONS = NO;
				ENABLE_STRICT_OBJC_MSGSEND = YES;
				GCC_C_LANGUAGE_STANDARD = gnu11;
				GCC_NO_COMMON_BLOCKS = YES;
				GCC_WARN_64_TO_32_BIT_CONVERSION = YES;
				GCC_WARN_ABOUT_RETURN_TYPE = YES_ERROR;
				GCC_WARN_UNDECLARED_SELECTOR = YES;
				GCC_WARN_UNINITIALIZED_AUTOS = YES_AGGRESSIVE;
				GCC_WARN_UNUSED_FUNCTION = YES;
				GCC_WARN_UNUSED_VARIABLE = YES;
				IPHONEOS_DEPLOYMENT_TARGET = 14.5;
				MTL_ENABLE_DEBUG_INFO = NO;
				MTL_FAST_MATH = YES;
				SDKROOT = iphoneos;
				SWIFT_COMPILATION_MODE = wholemodule;
				SWIFT_OPTIMIZATION_LEVEL = "-O";
				VALIDATE_PRODUCT = YES;
			};
			name = Release;
		};
		00580F4C27033340007F5080 /* Debug */ = {
			isa = XCBuildConfiguration;
			buildSettings = {
				ASSETCATALOG_COMPILER_APPICON_NAME = AppIcon;
				ASSETCATALOG_COMPILER_GLOBAL_ACCENT_COLOR_NAME = AccentColor;
				CODE_SIGN_STYLE = Manual;
				DEVELOPMENT_TEAM = "";
				INFOPLIST_FILE = KoshApp/Info.plist;
				IPHONEOS_DEPLOYMENT_TARGET = 14.5;
				LD_RUNPATH_SEARCH_PATHS = (
					"$(inherited)",
					"@executable_path/Frameworks",
				);
				PRODUCT_BUNDLE_IDENTIFIER = Drinkit.test.UI.KoshApp;
				PRODUCT_NAME = "$(TARGET_NAME)";
				PROVISIONING_PROFILE_SPECIFIER = "";
				SWIFT_VERSION = 5.0;
				TARGETED_DEVICE_FAMILY = "1,2";
			};
			name = Debug;
		};
		00580F4D27033340007F5080 /* Release */ = {
			isa = XCBuildConfiguration;
			buildSettings = {
				ASSETCATALOG_COMPILER_APPICON_NAME = AppIcon;
				ASSETCATALOG_COMPILER_GLOBAL_ACCENT_COLOR_NAME = AccentColor;
				CODE_SIGN_STYLE = Manual;
				DEVELOPMENT_TEAM = "";
				INFOPLIST_FILE = KoshApp/Info.plist;
				IPHONEOS_DEPLOYMENT_TARGET = 14.5;
				LD_RUNPATH_SEARCH_PATHS = (
					"$(inherited)",
					"@executable_path/Frameworks",
				);
				PRODUCT_BUNDLE_IDENTIFIER = Drinkit.test.UI.KoshApp;
				PRODUCT_NAME = "$(TARGET_NAME)";
				PROVISIONING_PROFILE_SPECIFIER = "";
				SWIFT_VERSION = 5.0;
				TARGETED_DEVICE_FAMILY = "1,2";
			};
			name = Release;
		};
/* End XCBuildConfiguration section */

/* Begin XCConfigurationList section */
		00580F322703333C007F5080 /* Build configuration list for PBXProject "KoshApp" */ = {
			isa = XCConfigurationList;
			buildConfigurations = (
				00580F4927033340007F5080 /* Debug */,
				00580F4A27033340007F5080 /* Release */,
			);
			defaultConfigurationIsVisible = 0;
			defaultConfigurationName = Release;
		};
		00580F4B27033340007F5080 /* Build configuration list for PBXNativeTarget "KoshApp" */ = {
			isa = XCConfigurationList;
			buildConfigurations = (
				00580F4C27033340007F5080 /* Debug */,
				00580F4D27033340007F5080 /* Release */,
			);
			defaultConfigurationIsVisible = 0;
			defaultConfigurationName = Release;
		};
/* End XCConfigurationList section */
	};
	rootObject = 00580F2F2703333C007F5080 /* Project object */;
}
